
Microsoft Visual Studio Solution File, Format Version 12.00
# Visual Studio Version 17
VisualStudioVersion = 17.0.31903.59
MinimumVisualStudioVersion = 10.0.40219.1
Project("{FAE04EC0-301F-11D3-BF4B-00C04F79EFBC}") = "StrategyApp", "StrategyApp\StrategyApp.csproj", "{09BAAE00-0D80-45F9-9E1A-195FB0858483}"
EndProject
Project("{FAE04EC0-301F-11D3-BF4B-00C04F79EFBC}") = "StrategyExampleApp", "StrategyExampleApp\StrategyExampleApp.csproj", "{1DAF2805-414A-4D54-8A5E-0287EB64282A}"
EndProject
Global
	GlobalSection(SolutionConfigurationPlatforms) = preSolution
		Debug|Any CPU = Debug|Any CPU
		Release|Any CPU = Release|Any CPU
	EndGlobalSection
	GlobalSection(SolutionProperties) = preSolution
		HideSolutionNode = FALSE
	EndGlobalSection
	GlobalSection(ProjectConfigurationPlatforms) = postSolution
		{09BAAE00-0D80-45F9-9E1A-195FB0858483}.Debug|Any CPU.ActiveCfg = Debug|Any CPU
		{09BAAE00-0D80-45F9-9E1A-195FB0858483}.Debug|Any CPU.Build.0 = Debug|Any CPU
		{09BAAE00-0D80-45F9-9E1A-195FB0858483}.Release|Any CPU.ActiveCfg = Release|Any CPU
		{09BAAE00-0D80-45F9-9E1A-195FB0858483}.Release|Any CPU.Build.0 = Release|Any CPU
		{1DAF2805-414A-4D54-8A5E-0287EB64282A}.Debug|Any CPU.ActiveCfg = Debug|Any CPU
		{1DAF2805-414A-4D54-8A5E-0287EB64282A}.Debug|Any CPU.Build.0 = Debug|Any CPU
		{1DAF2805-414A-4D54-8A5E-0287EB64282A}.Release|Any CPU.ActiveCfg = Release|Any CPU
		{1DAF2805-414A-4D54-8A5E-0287EB64282A}.Release|Any CPU.Build.0 = Release|Any CPU
	EndGlobalSection
EndGlobal
